// !$*UTF8*$!
{
	archiveVersion = 1;
	classes = {
	};
	objectVersion = 46;
	objects = {

/* Begin PBXBuildFile section */
		00C302E51ABCBA2D00DB3ED1 /* libRCTActionSheet.a in Frameworks */ = {isa = PBXBuildFile; fileRef = 00C302AC1ABCB8CE00DB3ED1 /* libRCTActionSheet.a */; };
		00C302E71ABCBA2D00DB3ED1 /* libRCTGeolocation.a in Frameworks */ = {isa = PBXBuildFile; fileRef = 00C302BA1ABCB90400DB3ED1 /* libRCTGeolocation.a */; };
		00C302E81ABCBA2D00DB3ED1 /* libRCTImage.a in Frameworks */ = {isa = PBXBuildFile; fileRef = 00C302C01ABCB91800DB3ED1 /* libRCTImage.a */; };
		00C302E91ABCBA2D00DB3ED1 /* libRCTNetwork.a in Frameworks */ = {isa = PBXBuildFile; fileRef = 00C302DC1ABCB9D200DB3ED1 /* libRCTNetwork.a */; };
		00C302EA1ABCBA2D00DB3ED1 /* libRCTVibration.a in Frameworks */ = {isa = PBXBuildFile; fileRef = 00C302E41ABCB9EE00DB3ED1 /* libRCTVibration.a */; };
		00E356F31AD99517003FC87E /* driTests.m in Sources */ = {isa = PBXBuildFile; fileRef = 00E356F21AD99517003FC87E /* driTests.m */; };
		133E29F31AD74F7200F7D852 /* libRCTLinking.a in Frameworks */ = {isa = PBXBuildFile; fileRef = 78C398B91ACF4ADC00677621 /* libRCTLinking.a */; };
		139105C61AF99C1200B5F7CC /* libRCTSettings.a in Frameworks */ = {isa = PBXBuildFile; fileRef = 139105C11AF99BAD00B5F7CC /* libRCTSettings.a */; };
		139FDEF61B0652A700C62182 /* libRCTWebSocket.a in Frameworks */ = {isa = PBXBuildFile; fileRef = 139FDEF41B06529B00C62182 /* libRCTWebSocket.a */; };
		13B07FBC1A68108700A75B9A /* AppDelegate.m in Sources */ = {isa = PBXBuildFile; fileRef = 13B07FB01A68108700A75B9A /* AppDelegate.m */; };
		13B07FBD1A68108700A75B9A /* LaunchScreen.xib in Resources */ = {isa = PBXBuildFile; fileRef = 13B07FB11A68108700A75B9A /* LaunchScreen.xib */; };
		13B07FBF1A68108700A75B9A /* Images.xcassets in Resources */ = {isa = PBXBuildFile; fileRef = 13B07FB51A68108700A75B9A /* Images.xcassets */; };
		13B07FC11A68108700A75B9A /* main.m in Sources */ = {isa = PBXBuildFile; fileRef = 13B07FB71A68108700A75B9A /* main.m */; };
		146834051AC3E58100842450 /* libReact.a in Frameworks */ = {isa = PBXBuildFile; fileRef = 146834041AC3E56700842450 /* libReact.a */; };
		59B907491C9A53A700E7F5D9 /* libRNVectorIcons.a in Frameworks */ = {isa = PBXBuildFile; fileRef = 59B907481C9A539000E7F5D9 /* libRNVectorIcons.a */; };
		59D9663F1CB9E9E1002D509F /* libReact.a in Frameworks */ = {isa = PBXBuildFile; fileRef = 146834041AC3E56700842450 /* libReact.a */; };
		59F3E8021D24AB53000D82F7 /* libRNKeyboardEvents.a in Frameworks */ = {isa = PBXBuildFile; fileRef = 59F3E8011D24AB3E000D82F7 /* libRNKeyboardEvents.a */; };
		832341BD1AAA6AB300B99B32 /* libRCTText.a in Frameworks */ = {isa = PBXBuildFile; fileRef = 832341B51AAA6A8300B99B32 /* libRCTText.a */; };
		C46CABEBA32E41EDB78F85C3 /* libSMXCrashlytics.a in Frameworks */ = {isa = PBXBuildFile; fileRef = 563EE38DC9414ECD9A39B1E9 /* libSMXCrashlytics.a */; };
		DA5FDCB91C87E46D00D6D894 /* GoogleMapsApi.plist in Resources */ = {isa = PBXBuildFile; fileRef = DA5FDCB81C87E46D00D6D894 /* GoogleMapsApi.plist */; };
		DA5FDCCA1C87E4D600D6D894 /* libz.1.dylib in Frameworks */ = {isa = PBXBuildFile; fileRef = DA5FDCBA1C87E4D600D6D894 /* libz.1.dylib */; };
		DA5FDCCB1C87E4D600D6D894 /* libicucore.A.dylib in Frameworks */ = {isa = PBXBuildFile; fileRef = DA5FDCBB1C87E4D600D6D894 /* libicucore.A.dylib */; };
		DA5FDCCC1C87E4D600D6D894 /* libc++.1.dylib in Frameworks */ = {isa = PBXBuildFile; fileRef = DA5FDCBC1C87E4D600D6D894 /* libc++.1.dylib */; };
		DA5FDCCD1C87E4D600D6D894 /* GoogleMaps.bundle in Resources */ = {isa = PBXBuildFile; fileRef = DA5FDCBD1C87E4D600D6D894 /* GoogleMaps.bundle */; };
		DA5FDCCE1C87E4D600D6D894 /* Accelerate.framework in Frameworks */ = {isa = PBXBuildFile; fileRef = DA5FDCBE1C87E4D600D6D894 /* Accelerate.framework */; };
		DA5FDCCF1C87E4D600D6D894 /* CoreBluetooth.framework in Frameworks */ = {isa = PBXBuildFile; fileRef = DA5FDCBF1C87E4D600D6D894 /* CoreBluetooth.framework */; };
		DA5FDCD01C87E4D600D6D894 /* SystemConfiguration.framework in Frameworks */ = {isa = PBXBuildFile; fileRef = DA5FDCC01C87E4D600D6D894 /* SystemConfiguration.framework */; };
		DA5FDCD11C87E4D600D6D894 /* QuartzCore.framework in Frameworks */ = {isa = PBXBuildFile; fileRef = DA5FDCC11C87E4D600D6D894 /* QuartzCore.framework */; };
		DA5FDCD21C87E4D600D6D894 /* OpenGLES.framework in Frameworks */ = {isa = PBXBuildFile; fileRef = DA5FDCC21C87E4D600D6D894 /* OpenGLES.framework */; };
		DA5FDCD31C87E4D600D6D894 /* ImageIO.framework in Frameworks */ = {isa = PBXBuildFile; fileRef = DA5FDCC31C87E4D600D6D894 /* ImageIO.framework */; };
		DA5FDCD41C87E4D600D6D894 /* GLKit.framework in Frameworks */ = {isa = PBXBuildFile; fileRef = DA5FDCC41C87E4D600D6D894 /* GLKit.framework */; };
		DA5FDCD51C87E4D600D6D894 /* CoreLocation.framework in Frameworks */ = {isa = PBXBuildFile; fileRef = DA5FDCC51C87E4D600D6D894 /* CoreLocation.framework */; };
		DA5FDCD61C87E4D600D6D894 /* CoreData.framework in Frameworks */ = {isa = PBXBuildFile; fileRef = DA5FDCC61C87E4D600D6D894 /* CoreData.framework */; };
		DA5FDCD71C87E4D600D6D894 /* AVFoundation.framework in Frameworks */ = {isa = PBXBuildFile; fileRef = DA5FDCC71C87E4D600D6D894 /* AVFoundation.framework */; };
		DA5FDCD81C87E4D600D6D894 /* GoogleMaps.framework in Frameworks */ = {isa = PBXBuildFile; fileRef = DA5FDCC81C87E4D600D6D894 /* GoogleMaps.framework */; };
		DA5FDCD91C87E50100D6D894 /* libPPTMapView.a in Frameworks */ = {isa = PBXBuildFile; fileRef = DA5FDCB71C87E43E00D6D894 /* libPPTMapView.a */; };
		DE81A3631DAE003E004BD65F /* Fabric.framework in Frameworks */ = {isa = PBXBuildFile; fileRef = DE81A3611DAE003E004BD65F /* Fabric.framework */; };
		DE81A3641DAE003E004BD65F /* Crashlytics.framework in Frameworks */ = {isa = PBXBuildFile; fileRef = DE81A3621DAE003E004BD65F /* Crashlytics.framework */; };
		DE929E771C6D95AF003B41E0 /* libRCTFBLogin.a in Frameworks */ = {isa = PBXBuildFile; fileRef = DE929E6D1C6D9561003B41E0 /* libRCTFBLogin.a */; };
		DE929E7B1C6D9733003B41E0 /* FBSDKCoreKit.framework in Frameworks */ = {isa = PBXBuildFile; fileRef = DE929E781C6D9733003B41E0 /* FBSDKCoreKit.framework */; };
		DE929E7C1C6D9733003B41E0 /* FBSDKLoginKit.framework in Frameworks */ = {isa = PBXBuildFile; fileRef = DE929E791C6D9733003B41E0 /* FBSDKLoginKit.framework */; };
		DE929E7D1C6D9733003B41E0 /* FBSDKShareKit.framework in Frameworks */ = {isa = PBXBuildFile; fileRef = DE929E7A1C6D9733003B41E0 /* FBSDKShareKit.framework */; };
		DED8FA161C78030F00F84300 /* libRNOverlay.a in Frameworks */ = {isa = PBXBuildFile; fileRef = DED8FA0F1C7802D500F84300 /* libRNOverlay.a */; };
		DED8FA171C78030F00F84300 /* libRNSearchBar.a in Frameworks */ = {isa = PBXBuildFile; fileRef = DED8FA151C7802F600F84300 /* libRNSearchBar.a */; };
		DED8FA211C78034600F84300 /* Entypo.ttf in Resources */ = {isa = PBXBuildFile; fileRef = DED8FA191C78034600F84300 /* Entypo.ttf */; };
		DED8FA221C78034600F84300 /* EvilIcons.ttf in Resources */ = {isa = PBXBuildFile; fileRef = DED8FA1A1C78034600F84300 /* EvilIcons.ttf */; };
		DED8FA231C78034600F84300 /* FontAwesome.ttf in Resources */ = {isa = PBXBuildFile; fileRef = DED8FA1B1C78034600F84300 /* FontAwesome.ttf */; };
		DED8FA241C78034600F84300 /* Foundation.ttf in Resources */ = {isa = PBXBuildFile; fileRef = DED8FA1C1C78034600F84300 /* Foundation.ttf */; };
		DED8FA251C78034600F84300 /* Ionicons.ttf in Resources */ = {isa = PBXBuildFile; fileRef = DED8FA1D1C78034600F84300 /* Ionicons.ttf */; };
		DED8FA261C78034600F84300 /* MaterialIcons.ttf in Resources */ = {isa = PBXBuildFile; fileRef = DED8FA1E1C78034600F84300 /* MaterialIcons.ttf */; };
		DED8FA271C78034600F84300 /* Octicons.ttf in Resources */ = {isa = PBXBuildFile; fileRef = DED8FA1F1C78034600F84300 /* Octicons.ttf */; };
		DED8FA281C78034600F84300 /* Zocial.ttf in Resources */ = {isa = PBXBuildFile; fileRef = DED8FA201C78034600F84300 /* Zocial.ttf */; };
/* End PBXBuildFile section */

/* Begin PBXContainerItemProxy section */
		00C302AB1ABCB8CE00DB3ED1 /* PBXContainerItemProxy */ = {
			isa = PBXContainerItemProxy;
			containerPortal = 00C302A71ABCB8CE00DB3ED1 /* RCTActionSheet.xcodeproj */;
			proxyType = 2;
			remoteGlobalIDString = 134814201AA4EA6300B7C361;
			remoteInfo = RCTActionSheet;
		};
		00C302B91ABCB90400DB3ED1 /* PBXContainerItemProxy */ = {
			isa = PBXContainerItemProxy;
			containerPortal = 00C302B51ABCB90400DB3ED1 /* RCTGeolocation.xcodeproj */;
			proxyType = 2;
			remoteGlobalIDString = 134814201AA4EA6300B7C361;
			remoteInfo = RCTGeolocation;
		};
		00C302BF1ABCB91800DB3ED1 /* PBXContainerItemProxy */ = {
			isa = PBXContainerItemProxy;
			containerPortal = 00C302BB1ABCB91800DB3ED1 /* RCTImage.xcodeproj */;
			proxyType = 2;
			remoteGlobalIDString = 58B5115D1A9E6B3D00147676;
			remoteInfo = RCTImage;
		};
		00C302DB1ABCB9D200DB3ED1 /* PBXContainerItemProxy */ = {
			isa = PBXContainerItemProxy;
			containerPortal = 00C302D31ABCB9D200DB3ED1 /* RCTNetwork.xcodeproj */;
			proxyType = 2;
			remoteGlobalIDString = 58B511DB1A9E6C8500147676;
			remoteInfo = RCTNetwork;
		};
		00C302E31ABCB9EE00DB3ED1 /* PBXContainerItemProxy */ = {
			isa = PBXContainerItemProxy;
			containerPortal = 00C302DF1ABCB9EE00DB3ED1 /* RCTVibration.xcodeproj */;
			proxyType = 2;
			remoteGlobalIDString = 832C81801AAF6DEF007FA2F7;
			remoteInfo = RCTVibration;
		};
		00E356F41AD99517003FC87E /* PBXContainerItemProxy */ = {
			isa = PBXContainerItemProxy;
			containerPortal = 83CBB9F71A601CBA00E9B192 /* Project object */;
			proxyType = 1;
			remoteGlobalIDString = 13B07F861A680F5B00A75B9A;
			remoteInfo = dri;
		};
		139105C01AF99BAD00B5F7CC /* PBXContainerItemProxy */ = {
			isa = PBXContainerItemProxy;
			containerPortal = 139105B61AF99BAD00B5F7CC /* RCTSettings.xcodeproj */;
			proxyType = 2;
			remoteGlobalIDString = 134814201AA4EA6300B7C361;
			remoteInfo = RCTSettings;
		};
		139FDEF31B06529B00C62182 /* PBXContainerItemProxy */ = {
			isa = PBXContainerItemProxy;
			containerPortal = 139FDEE61B06529A00C62182 /* RCTWebSocket.xcodeproj */;
			proxyType = 2;
			remoteGlobalIDString = 3C86DF461ADF2C930047B81A;
			remoteInfo = RCTWebSocket;
		};
		146834031AC3E56700842450 /* PBXContainerItemProxy */ = {
			isa = PBXContainerItemProxy;
			containerPortal = 146833FF1AC3E56700842450 /* React.xcodeproj */;
			proxyType = 2;
			remoteGlobalIDString = 83CBBA2E1A601D0E00E9B192;
			remoteInfo = React;
		};
		59B907471C9A539000E7F5D9 /* PBXContainerItemProxy */ = {
			isa = PBXContainerItemProxy;
			containerPortal = 59B907351C9A539000E7F5D9 /* RNVectorIcons.xcodeproj */;
			proxyType = 2;
			remoteGlobalIDString = 5DBEB1501B18CEA900B34395;
			remoteInfo = RNVectorIcons;
		};
		59F3E8001D24AB3E000D82F7 /* PBXContainerItemProxy */ = {
			isa = PBXContainerItemProxy;
			containerPortal = 59F3E7FC1D24AB3E000D82F7 /* RNKeyboardEvents.xcodeproj */;
			proxyType = 2;
			remoteGlobalIDString = F12AFB9B1ADAF8F800E0535D;
			remoteInfo = RNKeyboardEvents;
		};
		78C398B81ACF4ADC00677621 /* PBXContainerItemProxy */ = {
			isa = PBXContainerItemProxy;
			containerPortal = 78C398B01ACF4ADC00677621 /* RCTLinking.xcodeproj */;
			proxyType = 2;
			remoteGlobalIDString = 134814201AA4EA6300B7C361;
			remoteInfo = RCTLinking;
		};
		832341B41AAA6A8300B99B32 /* PBXContainerItemProxy */ = {
			isa = PBXContainerItemProxy;
			containerPortal = 832341B01AAA6A8300B99B32 /* RCTText.xcodeproj */;
			proxyType = 2;
			remoteGlobalIDString = 58B5119B1A9E6C1200147676;
			remoteInfo = RCTText;
		};
		DA5FDCB61C87E43E00D6D894 /* PBXContainerItemProxy */ = {
			isa = PBXContainerItemProxy;
			containerPortal = DA5FDCB21C87E43D00D6D894 /* PPTMapView.xcodeproj */;
			proxyType = 2;
			remoteGlobalIDString = 134814201AA4EA6300B7C361;
			remoteInfo = PPTMapView;
		};
		DE81A3881DAE0310004BD65F /* PBXContainerItemProxy */ = {
			isa = PBXContainerItemProxy;
			containerPortal = F7BE004D7BCB4A92AADDC909 /* SMXCrashlytics.xcodeproj */;
			proxyType = 2;
			remoteGlobalIDString = D8D9DB831C6D03DB009FBC0E;
			remoteInfo = SMXCrashlytics;
		};
		DE929E6C1C6D9561003B41E0 /* PBXContainerItemProxy */ = {
			isa = PBXContainerItemProxy;
			containerPortal = DE929E671C6D9560003B41E0 /* RCTFBLogin.xcodeproj */;
			proxyType = 2;
			remoteGlobalIDString = 4F3A6B5B1ACFBCC500CA65F7;
			remoteInfo = RCTFBLogin;
		};
		DED8FA0E1C7802D500F84300 /* PBXContainerItemProxy */ = {
			isa = PBXContainerItemProxy;
			containerPortal = DED8F9FF1C7802D400F84300 /* RNOverlay.xcodeproj */;
			proxyType = 2;
			remoteGlobalIDString = 134814201AA4EA6300B7C361;
			remoteInfo = RNOverlay;
		};
		DED8FA141C7802F600F84300 /* PBXContainerItemProxy */ = {
			isa = PBXContainerItemProxy;
			containerPortal = DED8FA101C7802F600F84300 /* RNSearchBar.xcodeproj */;
			proxyType = 2;
			remoteGlobalIDString = 134814201AA4EA6300B7C361;
			remoteInfo = RNSearchBar;
		};
/* End PBXContainerItemProxy section */

/* Begin PBXFileReference section */
		008F07F21AC5B25A0029DE68 /* main.jsbundle */ = {isa = PBXFileReference; fileEncoding = 4; lastKnownFileType = text; path = main.jsbundle; sourceTree = "<group>"; };
		00C302A71ABCB8CE00DB3ED1 /* RCTActionSheet.xcodeproj */ = {isa = PBXFileReference; lastKnownFileType = "wrapper.pb-project"; name = RCTActionSheet.xcodeproj; path = "../node_modules/react-native/Libraries/ActionSheetIOS/RCTActionSheet.xcodeproj"; sourceTree = "<group>"; };
		00C302B51ABCB90400DB3ED1 /* RCTGeolocation.xcodeproj */ = {isa = PBXFileReference; lastKnownFileType = "wrapper.pb-project"; name = RCTGeolocation.xcodeproj; path = "../node_modules/react-native/Libraries/Geolocation/RCTGeolocation.xcodeproj"; sourceTree = "<group>"; };
		00C302BB1ABCB91800DB3ED1 /* RCTImage.xcodeproj */ = {isa = PBXFileReference; lastKnownFileType = "wrapper.pb-project"; name = RCTImage.xcodeproj; path = "../node_modules/react-native/Libraries/Image/RCTImage.xcodeproj"; sourceTree = "<group>"; };
		00C302D31ABCB9D200DB3ED1 /* RCTNetwork.xcodeproj */ = {isa = PBXFileReference; lastKnownFileType = "wrapper.pb-project"; name = RCTNetwork.xcodeproj; path = "../node_modules/react-native/Libraries/Network/RCTNetwork.xcodeproj"; sourceTree = "<group>"; };
		00C302DF1ABCB9EE00DB3ED1 /* RCTVibration.xcodeproj */ = {isa = PBXFileReference; lastKnownFileType = "wrapper.pb-project"; name = RCTVibration.xcodeproj; path = "../node_modules/react-native/Libraries/Vibration/RCTVibration.xcodeproj"; sourceTree = "<group>"; };
		00E356EE1AD99517003FC87E /* driTests.xctest */ = {isa = PBXFileReference; explicitFileType = wrapper.cfbundle; includeInIndex = 0; path = driTests.xctest; sourceTree = BUILT_PRODUCTS_DIR; };
		00E356F11AD99517003FC87E /* Info.plist */ = {isa = PBXFileReference; lastKnownFileType = text.plist.xml; path = Info.plist; sourceTree = "<group>"; };
		00E356F21AD99517003FC87E /* driTests.m */ = {isa = PBXFileReference; lastKnownFileType = sourcecode.c.objc; path = driTests.m; sourceTree = "<group>"; };
		139105B61AF99BAD00B5F7CC /* RCTSettings.xcodeproj */ = {isa = PBXFileReference; lastKnownFileType = "wrapper.pb-project"; name = RCTSettings.xcodeproj; path = "../node_modules/react-native/Libraries/Settings/RCTSettings.xcodeproj"; sourceTree = "<group>"; };
		139FDEE61B06529A00C62182 /* RCTWebSocket.xcodeproj */ = {isa = PBXFileReference; lastKnownFileType = "wrapper.pb-project"; name = RCTWebSocket.xcodeproj; path = "../node_modules/react-native/Libraries/WebSocket/RCTWebSocket.xcodeproj"; sourceTree = "<group>"; };
		13B07F961A680F5B00A75B9A /* dri.app */ = {isa = PBXFileReference; explicitFileType = wrapper.application; includeInIndex = 0; path = dri.app; sourceTree = BUILT_PRODUCTS_DIR; };
		13B07FAF1A68108700A75B9A /* AppDelegate.h */ = {isa = PBXFileReference; fileEncoding = 4; lastKnownFileType = sourcecode.c.h; name = AppDelegate.h; path = dri/AppDelegate.h; sourceTree = "<group>"; };
		13B07FB01A68108700A75B9A /* AppDelegate.m */ = {isa = PBXFileReference; fileEncoding = 4; lastKnownFileType = sourcecode.c.objc; name = AppDelegate.m; path = dri/AppDelegate.m; sourceTree = "<group>"; };
		13B07FB21A68108700A75B9A /* Base */ = {isa = PBXFileReference; lastKnownFileType = file.xib; name = Base; path = Base.lproj/LaunchScreen.xib; sourceTree = "<group>"; };
		13B07FB51A68108700A75B9A /* Images.xcassets */ = {isa = PBXFileReference; lastKnownFileType = folder.assetcatalog; name = Images.xcassets; path = dri/Images.xcassets; sourceTree = "<group>"; };
		13B07FB61A68108700A75B9A /* Info.plist */ = {isa = PBXFileReference; fileEncoding = 4; lastKnownFileType = text.plist.xml; name = Info.plist; path = dri/Info.plist; sourceTree = "<group>"; };
		13B07FB71A68108700A75B9A /* main.m */ = {isa = PBXFileReference; fileEncoding = 4; lastKnownFileType = sourcecode.c.objc; name = main.m; path = dri/main.m; sourceTree = "<group>"; };
		146833FF1AC3E56700842450 /* React.xcodeproj */ = {isa = PBXFileReference; lastKnownFileType = "wrapper.pb-project"; name = React.xcodeproj; path = "../node_modules/react-native/React/React.xcodeproj"; sourceTree = "<group>"; };
		563EE38DC9414ECD9A39B1E9 /* libSMXCrashlytics.a */ = {isa = PBXFileReference; explicitFileType = undefined; fileEncoding = 9; includeInIndex = 0; lastKnownFileType = archive.ar; path = libSMXCrashlytics.a; sourceTree = "<group>"; };
		59B907351C9A539000E7F5D9 /* RNVectorIcons.xcodeproj */ = {isa = PBXFileReference; lastKnownFileType = "wrapper.pb-project"; name = RNVectorIcons.xcodeproj; path = "../node_modules/react-native-vector-icons/RNVectorIcons.xcodeproj"; sourceTree = "<group>"; };
		59F3E7FC1D24AB3E000D82F7 /* RNKeyboardEvents.xcodeproj */ = {isa = PBXFileReference; lastKnownFileType = "wrapper.pb-project"; name = RNKeyboardEvents.xcodeproj; path = "../node_modules/react-native-keyboardevents/RNKeyboardEvents.xcodeproj"; sourceTree = "<group>"; };
		78C398B01ACF4ADC00677621 /* RCTLinking.xcodeproj */ = {isa = PBXFileReference; lastKnownFileType = "wrapper.pb-project"; name = RCTLinking.xcodeproj; path = "../node_modules/react-native/Libraries/LinkingIOS/RCTLinking.xcodeproj"; sourceTree = "<group>"; };
		832341B01AAA6A8300B99B32 /* RCTText.xcodeproj */ = {isa = PBXFileReference; lastKnownFileType = "wrapper.pb-project"; name = RCTText.xcodeproj; path = "../node_modules/react-native/Libraries/Text/RCTText.xcodeproj"; sourceTree = "<group>"; };
		DA5FDCB21C87E43D00D6D894 /* PPTMapView.xcodeproj */ = {isa = PBXFileReference; lastKnownFileType = "wrapper.pb-project"; name = PPTMapView.xcodeproj; path = "../node_modules/@pod-point/react-native-maps/ios/PPTMapView.xcodeproj"; sourceTree = "<group>"; };
		DA5FDCB81C87E46D00D6D894 /* GoogleMapsApi.plist */ = {isa = PBXFileReference; fileEncoding = 4; lastKnownFileType = text.plist.xml; name = GoogleMapsApi.plist; path = "../node_modules/@pod-point/react-native-maps/ios/GoogleMapsApi.plist"; sourceTree = "<group>"; };
		DA5FDCBA1C87E4D600D6D894 /* libz.1.dylib */ = {isa = PBXFileReference; lastKnownFileType = "compiled.mach-o.dylib"; name = libz.1.dylib; path = /usr/lib/libz.1.dylib; sourceTree = "<absolute>"; };
		DA5FDCBB1C87E4D600D6D894 /* libicucore.A.dylib */ = {isa = PBXFileReference; lastKnownFileType = "compiled.mach-o.dylib"; name = libicucore.A.dylib; path = /usr/lib/libicucore.A.dylib; sourceTree = "<absolute>"; };
		DA5FDCBC1C87E4D600D6D894 /* libc++.1.dylib */ = {isa = PBXFileReference; lastKnownFileType = "compiled.mach-o.dylib"; name = "libc++.1.dylib"; path = "/usr/lib/libc++.1.dylib"; sourceTree = "<absolute>"; };
		DA5FDCBD1C87E4D600D6D894 /* GoogleMaps.bundle */ = {isa = PBXFileReference; lastKnownFileType = "wrapper.plug-in"; name = GoogleMaps.bundle; path = "../ios_modules/GoogleMaps-1.10.4/Frameworks/GoogleMaps.framework/Versions/A/Resources/GoogleMaps.bundle"; sourceTree = "<group>"; };
		DA5FDCBE1C87E4D600D6D894 /* Accelerate.framework */ = {isa = PBXFileReference; lastKnownFileType = wrapper.framework; name = Accelerate.framework; path = /Applications/Xcode.app/Contents/Developer/Platforms/iPhoneOS.platform/Developer/SDKs/iPhoneOS9.2.sdk/System/Library/Frameworks/Accelerate.framework; sourceTree = "<absolute>"; };
		DA5FDCBF1C87E4D600D6D894 /* CoreBluetooth.framework */ = {isa = PBXFileReference; lastKnownFileType = wrapper.framework; name = CoreBluetooth.framework; path = /Applications/Xcode.app/Contents/Developer/Platforms/iPhoneOS.platform/Developer/SDKs/iPhoneOS9.2.sdk/System/Library/Frameworks/CoreBluetooth.framework; sourceTree = "<absolute>"; };
		DA5FDCC01C87E4D600D6D894 /* SystemConfiguration.framework */ = {isa = PBXFileReference; lastKnownFileType = wrapper.framework; name = SystemConfiguration.framework; path = /Applications/Xcode.app/Contents/Developer/Platforms/iPhoneOS.platform/Developer/SDKs/iPhoneOS9.2.sdk/System/Library/Frameworks/SystemConfiguration.framework; sourceTree = "<absolute>"; };
		DA5FDCC11C87E4D600D6D894 /* QuartzCore.framework */ = {isa = PBXFileReference; lastKnownFileType = wrapper.framework; name = QuartzCore.framework; path = /Applications/Xcode.app/Contents/Developer/Platforms/iPhoneOS.platform/Developer/SDKs/iPhoneOS9.2.sdk/System/Library/Frameworks/QuartzCore.framework; sourceTree = "<absolute>"; };
		DA5FDCC21C87E4D600D6D894 /* OpenGLES.framework */ = {isa = PBXFileReference; lastKnownFileType = wrapper.framework; name = OpenGLES.framework; path = /Applications/Xcode.app/Contents/Developer/Platforms/iPhoneOS.platform/Developer/SDKs/iPhoneOS9.2.sdk/System/Library/Frameworks/OpenGLES.framework; sourceTree = "<absolute>"; };
		DA5FDCC31C87E4D600D6D894 /* ImageIO.framework */ = {isa = PBXFileReference; lastKnownFileType = wrapper.framework; name = ImageIO.framework; path = /Applications/Xcode.app/Contents/Developer/Platforms/iPhoneOS.platform/Developer/SDKs/iPhoneOS9.2.sdk/System/Library/Frameworks/ImageIO.framework; sourceTree = "<absolute>"; };
		DA5FDCC41C87E4D600D6D894 /* GLKit.framework */ = {isa = PBXFileReference; lastKnownFileType = wrapper.framework; name = GLKit.framework; path = /Applications/Xcode.app/Contents/Developer/Platforms/iPhoneOS.platform/Developer/SDKs/iPhoneOS9.2.sdk/System/Library/Frameworks/GLKit.framework; sourceTree = "<absolute>"; };
		DA5FDCC51C87E4D600D6D894 /* CoreLocation.framework */ = {isa = PBXFileReference; lastKnownFileType = wrapper.framework; name = CoreLocation.framework; path = /Applications/Xcode.app/Contents/Developer/Platforms/iPhoneOS.platform/Developer/SDKs/iPhoneOS9.2.sdk/System/Library/Frameworks/CoreLocation.framework; sourceTree = "<absolute>"; };
		DA5FDCC61C87E4D600D6D894 /* CoreData.framework */ = {isa = PBXFileReference; lastKnownFileType = wrapper.framework; name = CoreData.framework; path = /Applications/Xcode.app/Contents/Developer/Platforms/iPhoneOS.platform/Developer/SDKs/iPhoneOS9.2.sdk/System/Library/Frameworks/CoreData.framework; sourceTree = "<absolute>"; };
		DA5FDCC71C87E4D600D6D894 /* AVFoundation.framework */ = {isa = PBXFileReference; lastKnownFileType = wrapper.framework; name = AVFoundation.framework; path = /Applications/Xcode.app/Contents/Developer/Platforms/iPhoneOS.platform/Developer/SDKs/iPhoneOS9.2.sdk/System/Library/Frameworks/AVFoundation.framework; sourceTree = "<absolute>"; };
		DA5FDCC81C87E4D600D6D894 /* GoogleMaps.framework */ = {isa = PBXFileReference; lastKnownFileType = wrapper.framework; name = GoogleMaps.framework; path = "../ios_modules/GoogleMaps-1.10.4/Frameworks/GoogleMaps.framework"; sourceTree = "<group>"; };
		DE81A3611DAE003E004BD65F /* Fabric.framework */ = {isa = PBXFileReference; lastKnownFileType = wrapper.framework; path = Fabric.framework; sourceTree = "<group>"; };
		DE81A3621DAE003E004BD65F /* Crashlytics.framework */ = {isa = PBXFileReference; lastKnownFileType = wrapper.framework; path = Crashlytics.framework; sourceTree = "<group>"; };
		DE929E671C6D9560003B41E0 /* RCTFBLogin.xcodeproj */ = {isa = PBXFileReference; lastKnownFileType = "wrapper.pb-project"; name = RCTFBLogin.xcodeproj; path = "../node_modules/react-native-facebook-login/RCTFBLogin.xcodeproj"; sourceTree = "<group>"; };
		DE929E781C6D9733003B41E0 /* FBSDKCoreKit.framework */ = {isa = PBXFileReference; lastKnownFileType = wrapper.framework; name = FBSDKCoreKit.framework; path = "../node_modules/react-native-facebook-login/FacebookSDK/FBSDKCoreKit.framework"; sourceTree = "<group>"; };
		DE929E791C6D9733003B41E0 /* FBSDKLoginKit.framework */ = {isa = PBXFileReference; lastKnownFileType = wrapper.framework; name = FBSDKLoginKit.framework; path = "../node_modules/react-native-facebook-login/FacebookSDK/FBSDKLoginKit.framework"; sourceTree = "<group>"; };
		DE929E7A1C6D9733003B41E0 /* FBSDKShareKit.framework */ = {isa = PBXFileReference; lastKnownFileType = wrapper.framework; name = FBSDKShareKit.framework; path = "../node_modules/react-native-facebook-login/FacebookSDK/FBSDKShareKit.framework"; sourceTree = "<group>"; };
		DED8F9FF1C7802D400F84300 /* RNOverlay.xcodeproj */ = {isa = PBXFileReference; lastKnownFileType = "wrapper.pb-project"; name = RNOverlay.xcodeproj; path = "../node_modules/react-native-overlay/RNOverlay.xcodeproj"; sourceTree = "<group>"; };
		DED8FA101C7802F600F84300 /* RNSearchBar.xcodeproj */ = {isa = PBXFileReference; lastKnownFileType = "wrapper.pb-project"; name = RNSearchBar.xcodeproj; path = "../node_modules/react-native-search-bar/RNSearchBar.xcodeproj"; sourceTree = "<group>"; };
		DED8FA191C78034600F84300 /* Entypo.ttf */ = {isa = PBXFileReference; lastKnownFileType = file; path = Entypo.ttf; sourceTree = "<group>"; };
		DED8FA1A1C78034600F84300 /* EvilIcons.ttf */ = {isa = PBXFileReference; lastKnownFileType = file; path = EvilIcons.ttf; sourceTree = "<group>"; };
		DED8FA1B1C78034600F84300 /* FontAwesome.ttf */ = {isa = PBXFileReference; lastKnownFileType = file; path = FontAwesome.ttf; sourceTree = "<group>"; };
		DED8FA1C1C78034600F84300 /* Foundation.ttf */ = {isa = PBXFileReference; lastKnownFileType = file; path = Foundation.ttf; sourceTree = "<group>"; };
		DED8FA1D1C78034600F84300 /* Ionicons.ttf */ = {isa = PBXFileReference; lastKnownFileType = file; path = Ionicons.ttf; sourceTree = "<group>"; };
		DED8FA1E1C78034600F84300 /* MaterialIcons.ttf */ = {isa = PBXFileReference; lastKnownFileType = file; path = MaterialIcons.ttf; sourceTree = "<group>"; };
		DED8FA1F1C78034600F84300 /* Octicons.ttf */ = {isa = PBXFileReference; lastKnownFileType = file; path = Octicons.ttf; sourceTree = "<group>"; };
		DED8FA201C78034600F84300 /* Zocial.ttf */ = {isa = PBXFileReference; lastKnownFileType = file; path = Zocial.ttf; sourceTree = "<group>"; };
		F7BE004D7BCB4A92AADDC909 /* SMXCrashlytics.xcodeproj */ = {isa = PBXFileReference; explicitFileType = undefined; fileEncoding = 9; includeInIndex = 0; lastKnownFileType = "wrapper.pb-project"; name = SMXCrashlytics.xcodeproj; path = "../node_modules/react-native-fabric/ios/SMXCrashlytics.xcodeproj"; sourceTree = "<group>"; };
/* End PBXFileReference section */

/* Begin PBXFrameworksBuildPhase section */
		00E356EB1AD99517003FC87E /* Frameworks */ = {
			isa = PBXFrameworksBuildPhase;
			buildActionMask = 2147483647;
			files = (
				59D9663F1CB9E9E1002D509F /* libReact.a in Frameworks */,
			);
			runOnlyForDeploymentPostprocessing = 0;
		};
		13B07F8C1A680F5B00A75B9A /* Frameworks */ = {
			isa = PBXFrameworksBuildPhase;
			buildActionMask = 2147483647;
			files = (
				59F3E8021D24AB53000D82F7 /* libRNKeyboardEvents.a in Frameworks */,
				59B907491C9A53A700E7F5D9 /* libRNVectorIcons.a in Frameworks */,
				DA5FDCD91C87E50100D6D894 /* libPPTMapView.a in Frameworks */,
				DED8FA161C78030F00F84300 /* libRNOverlay.a in Frameworks */,
				DA5FDCD11C87E4D600D6D894 /* QuartzCore.framework in Frameworks */,
				DED8FA171C78030F00F84300 /* libRNSearchBar.a in Frameworks */,
				DE81A3641DAE003E004BD65F /* Crashlytics.framework in Frameworks */,
				DA5FDCCB1C87E4D600D6D894 /* libicucore.A.dylib in Frameworks */,
				DA5FDCD71C87E4D600D6D894 /* AVFoundation.framework in Frameworks */,
				DA5FDCD31C87E4D600D6D894 /* ImageIO.framework in Frameworks */,
				DE929E771C6D95AF003B41E0 /* libRCTFBLogin.a in Frameworks */,
				DA5FDCCF1C87E4D600D6D894 /* CoreBluetooth.framework in Frameworks */,
				DE929E7B1C6D9733003B41E0 /* FBSDKCoreKit.framework in Frameworks */,
				DA5FDCD01C87E4D600D6D894 /* SystemConfiguration.framework in Frameworks */,
				DA5FDCD61C87E4D600D6D894 /* CoreData.framework in Frameworks */,
				146834051AC3E58100842450 /* libReact.a in Frameworks */,
				DE81A3631DAE003E004BD65F /* Fabric.framework in Frameworks */,
				00C302E51ABCBA2D00DB3ED1 /* libRCTActionSheet.a in Frameworks */,
				00C302E71ABCBA2D00DB3ED1 /* libRCTGeolocation.a in Frameworks */,
				DA5FDCD21C87E4D600D6D894 /* OpenGLES.framework in Frameworks */,
				DA5FDCCA1C87E4D600D6D894 /* libz.1.dylib in Frameworks */,
				00C302E81ABCBA2D00DB3ED1 /* libRCTImage.a in Frameworks */,
				133E29F31AD74F7200F7D852 /* libRCTLinking.a in Frameworks */,
				DA5FDCD81C87E4D600D6D894 /* GoogleMaps.framework in Frameworks */,
				DE929E7C1C6D9733003B41E0 /* FBSDKLoginKit.framework in Frameworks */,
				DA5FDCCC1C87E4D600D6D894 /* libc++.1.dylib in Frameworks */,
				00C302E91ABCBA2D00DB3ED1 /* libRCTNetwork.a in Frameworks */,
				139105C61AF99C1200B5F7CC /* libRCTSettings.a in Frameworks */,
				DE929E7D1C6D9733003B41E0 /* FBSDKShareKit.framework in Frameworks */,
				DA5FDCD51C87E4D600D6D894 /* CoreLocation.framework in Frameworks */,
				832341BD1AAA6AB300B99B32 /* libRCTText.a in Frameworks */,
				DA5FDCCE1C87E4D600D6D894 /* Accelerate.framework in Frameworks */,
				00C302EA1ABCBA2D00DB3ED1 /* libRCTVibration.a in Frameworks */,
				DA5FDCD41C87E4D600D6D894 /* GLKit.framework in Frameworks */,
				139FDEF61B0652A700C62182 /* libRCTWebSocket.a in Frameworks */,
				C46CABEBA32E41EDB78F85C3 /* libSMXCrashlytics.a in Frameworks */,
			);
			runOnlyForDeploymentPostprocessing = 0;
		};
/* End PBXFrameworksBuildPhase section */

/* Begin PBXGroup section */
		00C302A81ABCB8CE00DB3ED1 /* Products */ = {
			isa = PBXGroup;
			children = (
				00C302AC1ABCB8CE00DB3ED1 /* libRCTActionSheet.a */,
			);
			name = Products;
			sourceTree = "<group>";
		};
		00C302B61ABCB90400DB3ED1 /* Products */ = {
			isa = PBXGroup;
			children = (
				00C302BA1ABCB90400DB3ED1 /* libRCTGeolocation.a */,
			);
			name = Products;
			sourceTree = "<group>";
		};
		00C302BC1ABCB91800DB3ED1 /* Products */ = {
			isa = PBXGroup;
			children = (
				00C302C01ABCB91800DB3ED1 /* libRCTImage.a */,
			);
			name = Products;
			sourceTree = "<group>";
		};
		00C302D41ABCB9D200DB3ED1 /* Products */ = {
			isa = PBXGroup;
			children = (
				00C302DC1ABCB9D200DB3ED1 /* libRCTNetwork.a */,
			);
			name = Products;
			sourceTree = "<group>";
		};
		00C302E01ABCB9EE00DB3ED1 /* Products */ = {
			isa = PBXGroup;
			children = (
				00C302E41ABCB9EE00DB3ED1 /* libRCTVibration.a */,
			);
			name = Products;
			sourceTree = "<group>";
		};
		00E356EF1AD99517003FC87E /* driTests */ = {
			isa = PBXGroup;
			children = (
				00E356F21AD99517003FC87E /* driTests.m */,
				00E356F01AD99517003FC87E /* Supporting Files */,
			);
			path = driTests;
			sourceTree = "<group>";
		};
		00E356F01AD99517003FC87E /* Supporting Files */ = {
			isa = PBXGroup;
			children = (
				00E356F11AD99517003FC87E /* Info.plist */,
			);
			name = "Supporting Files";
			sourceTree = "<group>";
		};
		139105B71AF99BAD00B5F7CC /* Products */ = {
			isa = PBXGroup;
			children = (
				139105C11AF99BAD00B5F7CC /* libRCTSettings.a */,
			);
			name = Products;
			sourceTree = "<group>";
		};
		139FDEE71B06529A00C62182 /* Products */ = {
			isa = PBXGroup;
			children = (
				139FDEF41B06529B00C62182 /* libRCTWebSocket.a */,
			);
			name = Products;
			sourceTree = "<group>";
		};
		13B07FAE1A68108700A75B9A /* dri */ = {
			isa = PBXGroup;
			children = (
				DA5FDCB81C87E46D00D6D894 /* GoogleMapsApi.plist */,
				008F07F21AC5B25A0029DE68 /* main.jsbundle */,
				13B07FAF1A68108700A75B9A /* AppDelegate.h */,
				13B07FB01A68108700A75B9A /* AppDelegate.m */,
				13B07FB51A68108700A75B9A /* Images.xcassets */,
				13B07FB61A68108700A75B9A /* Info.plist */,
				13B07FB11A68108700A75B9A /* LaunchScreen.xib */,
				13B07FB71A68108700A75B9A /* main.m */,
			);
			name = dri;
			sourceTree = "<group>";
		};
		146834001AC3E56700842450 /* Products */ = {
			isa = PBXGroup;
			children = (
				146834041AC3E56700842450 /* libReact.a */,
			);
			name = Products;
			sourceTree = "<group>";
		};
		59B907361C9A539000E7F5D9 /* Products */ = {
			isa = PBXGroup;
			children = (
				59B907481C9A539000E7F5D9 /* libRNVectorIcons.a */,
			);
			name = Products;
			sourceTree = "<group>";
		};
		59F3E7FD1D24AB3E000D82F7 /* Products */ = {
			isa = PBXGroup;
			children = (
				59F3E8011D24AB3E000D82F7 /* libRNKeyboardEvents.a */,
			);
			name = Products;
			sourceTree = "<group>";
		};
		78C398B11ACF4ADC00677621 /* Products */ = {
			isa = PBXGroup;
			children = (
				78C398B91ACF4ADC00677621 /* libRCTLinking.a */,
			);
			name = Products;
			sourceTree = "<group>";
		};
		832341AE1AAA6A7D00B99B32 /* Libraries */ = {
			isa = PBXGroup;
			children = (
				59F3E7FC1D24AB3E000D82F7 /* RNKeyboardEvents.xcodeproj */,
				59B907351C9A539000E7F5D9 /* RNVectorIcons.xcodeproj */,
				DA5FDCB21C87E43D00D6D894 /* PPTMapView.xcodeproj */,
				DA5FDCC91C87E4D600D6D894 /* Google Maps SDK */,
				DED8FA101C7802F600F84300 /* RNSearchBar.xcodeproj */,
				DED8F9FF1C7802D400F84300 /* RNOverlay.xcodeproj */,
				DE929E671C6D9560003B41E0 /* RCTFBLogin.xcodeproj */,
				146833FF1AC3E56700842450 /* React.xcodeproj */,
				00C302A71ABCB8CE00DB3ED1 /* RCTActionSheet.xcodeproj */,
				00C302B51ABCB90400DB3ED1 /* RCTGeolocation.xcodeproj */,
				00C302BB1ABCB91800DB3ED1 /* RCTImage.xcodeproj */,
				78C398B01ACF4ADC00677621 /* RCTLinking.xcodeproj */,
				00C302D31ABCB9D200DB3ED1 /* RCTNetwork.xcodeproj */,
				139105B61AF99BAD00B5F7CC /* RCTSettings.xcodeproj */,
				832341B01AAA6A8300B99B32 /* RCTText.xcodeproj */,
				00C302DF1ABCB9EE00DB3ED1 /* RCTVibration.xcodeproj */,
				139FDEE61B06529A00C62182 /* RCTWebSocket.xcodeproj */,
				F7BE004D7BCB4A92AADDC909 /* SMXCrashlytics.xcodeproj */,
			);
			name = Libraries;
			sourceTree = "<group>";
		};
		832341B11AAA6A8300B99B32 /* Products */ = {
			isa = PBXGroup;
			children = (
				832341B51AAA6A8300B99B32 /* libRCTText.a */,
			);
			name = Products;
			sourceTree = "<group>";
		};
		83CBB9F61A601CBA00E9B192 = {
			isa = PBXGroup;
			children = (
				DE81A3611DAE003E004BD65F /* Fabric.framework */,
				DE81A3621DAE003E004BD65F /* Crashlytics.framework */,
				DED8FA181C78034600F84300 /* Fonts */,
				DE929E7A1C6D9733003B41E0 /* FBSDKShareKit.framework */,
				DE929E791C6D9733003B41E0 /* FBSDKLoginKit.framework */,
				DE929E781C6D9733003B41E0 /* FBSDKCoreKit.framework */,
				13B07FAE1A68108700A75B9A /* dri */,
				832341AE1AAA6A7D00B99B32 /* Libraries */,
				00E356EF1AD99517003FC87E /* driTests */,
				83CBBA001A601CBA00E9B192 /* Products */,
			);
			indentWidth = 2;
			sourceTree = "<group>";
			tabWidth = 2;
		};
		83CBBA001A601CBA00E9B192 /* Products */ = {
			isa = PBXGroup;
			children = (
				13B07F961A680F5B00A75B9A /* dri.app */,
				00E356EE1AD99517003FC87E /* driTests.xctest */,
			);
			name = Products;
			sourceTree = "<group>";
		};
		DA5FDCB31C87E43D00D6D894 /* Products */ = {
			isa = PBXGroup;
			children = (
				DA5FDCB71C87E43E00D6D894 /* libPPTMapView.a */,
			);
			name = Products;
			sourceTree = "<group>";
		};
		DA5FDCC91C87E4D600D6D894 /* Google Maps SDK */ = {
			isa = PBXGroup;
			children = (
				DA5FDCBA1C87E4D600D6D894 /* libz.1.dylib */,
				DA5FDCBB1C87E4D600D6D894 /* libicucore.A.dylib */,
				DA5FDCBC1C87E4D600D6D894 /* libc++.1.dylib */,
				DA5FDCBD1C87E4D600D6D894 /* GoogleMaps.bundle */,
				DA5FDCBE1C87E4D600D6D894 /* Accelerate.framework */,
				DA5FDCBF1C87E4D600D6D894 /* CoreBluetooth.framework */,
				DA5FDCC01C87E4D600D6D894 /* SystemConfiguration.framework */,
				DA5FDCC11C87E4D600D6D894 /* QuartzCore.framework */,
				DA5FDCC21C87E4D600D6D894 /* OpenGLES.framework */,
				DA5FDCC31C87E4D600D6D894 /* ImageIO.framework */,
				DA5FDCC41C87E4D600D6D894 /* GLKit.framework */,
				DA5FDCC51C87E4D600D6D894 /* CoreLocation.framework */,
				DA5FDCC61C87E4D600D6D894 /* CoreData.framework */,
				DA5FDCC71C87E4D600D6D894 /* AVFoundation.framework */,
				DA5FDCC81C87E4D600D6D894 /* GoogleMaps.framework */,
			);
			name = "Google Maps SDK";
			path = "../node_modules/@pod-point/react-native-maps/ios";
			sourceTree = "<group>";
		};
		DE81A3751DAE0310004BD65F /* Products */ = {
			isa = PBXGroup;
			children = (
				DE81A3891DAE0310004BD65F /* libSMXCrashlytics.a */,
			);
			name = Products;
			sourceTree = "<group>";
		};
		DE929E681C6D9560003B41E0 /* Products */ = {
			isa = PBXGroup;
			children = (
				DE929E6D1C6D9561003B41E0 /* libRCTFBLogin.a */,
			);
			name = Products;
			sourceTree = "<group>";
		};
		DED8FA001C7802D400F84300 /* Products */ = {
			isa = PBXGroup;
			children = (
				DED8FA0F1C7802D500F84300 /* libRNOverlay.a */,
			);
			name = Products;
			sourceTree = "<group>";
		};
		DED8FA111C7802F600F84300 /* Products */ = {
			isa = PBXGroup;
			children = (
				DED8FA151C7802F600F84300 /* libRNSearchBar.a */,
			);
			name = Products;
			sourceTree = "<group>";
		};
		DED8FA181C78034600F84300 /* Fonts */ = {
			isa = PBXGroup;
			children = (
				DED8FA191C78034600F84300 /* Entypo.ttf */,
				DED8FA1A1C78034600F84300 /* EvilIcons.ttf */,
				DED8FA1B1C78034600F84300 /* FontAwesome.ttf */,
				DED8FA1C1C78034600F84300 /* Foundation.ttf */,
				DED8FA1D1C78034600F84300 /* Ionicons.ttf */,
				DED8FA1E1C78034600F84300 /* MaterialIcons.ttf */,
				DED8FA1F1C78034600F84300 /* Octicons.ttf */,
				DED8FA201C78034600F84300 /* Zocial.ttf */,
			);
			name = Fonts;
			path = "../node_modules/react-native-vector-icons/Fonts";
			sourceTree = "<group>";
		};
/* End PBXGroup section */

/* Begin PBXNativeTarget section */
		00E356ED1AD99517003FC87E /* driTests */ = {
			isa = PBXNativeTarget;
			buildConfigurationList = 00E357021AD99517003FC87E /* Build configuration list for PBXNativeTarget "driTests" */;
			buildPhases = (
				00E356EA1AD99517003FC87E /* Sources */,
				00E356EB1AD99517003FC87E /* Frameworks */,
				00E356EC1AD99517003FC87E /* Resources */,
			);
			buildRules = (
			);
			dependencies = (
				00E356F51AD99517003FC87E /* PBXTargetDependency */,
			);
			name = driTests;
			productName = driTests;
			productReference = 00E356EE1AD99517003FC87E /* driTests.xctest */;
			productType = "com.apple.product-type.bundle.unit-test";
		};
		13B07F861A680F5B00A75B9A /* dri */ = {
			isa = PBXNativeTarget;
			buildConfigurationList = 13B07F931A680F5B00A75B9A /* Build configuration list for PBXNativeTarget "dri" */;
			buildPhases = (
				13B07F871A680F5B00A75B9A /* Sources */,
				13B07F8C1A680F5B00A75B9A /* Frameworks */,
				13B07F8E1A680F5B00A75B9A /* Resources */,
				DE2FD5501C8E075C00EAD627 /* ShellScript */,
				59C9DFEB1CB9F8F3001E2CB4 /* Bundle React Native code and image */,
			);
			buildRules = (
			);
			dependencies = (
			);
			name = dri;
			productName = "Hello World";
			productReference = 13B07F961A680F5B00A75B9A /* dri.app */;
			productType = "com.apple.product-type.application";
		};
/* End PBXNativeTarget section */

/* Begin PBXProject section */
		83CBB9F71A601CBA00E9B192 /* Project object */ = {
			isa = PBXProject;
			attributes = {
				LastUpgradeCheck = 720;
				ORGANIZATIONNAME = Facebook;
				TargetAttributes = {
					00E356ED1AD99517003FC87E = {
						CreatedOnToolsVersion = 6.2;
						TestTargetID = 13B07F861A680F5B00A75B9A;
					};
				};
			};
			buildConfigurationList = 83CBB9FA1A601CBA00E9B192 /* Build configuration list for PBXProject "dri" */;
			compatibilityVersion = "Xcode 3.2";
			developmentRegion = English;
			hasScannedForEncodings = 0;
			knownRegions = (
				en,
				Base,
			);
			mainGroup = 83CBB9F61A601CBA00E9B192;
			productRefGroup = 83CBBA001A601CBA00E9B192 /* Products */;
			projectDirPath = "";
			projectReferences = (
				{
					ProductGroup = DA5FDCB31C87E43D00D6D894 /* Products */;
					ProjectRef = DA5FDCB21C87E43D00D6D894 /* PPTMapView.xcodeproj */;
				},
				{
					ProductGroup = 00C302A81ABCB8CE00DB3ED1 /* Products */;
					ProjectRef = 00C302A71ABCB8CE00DB3ED1 /* RCTActionSheet.xcodeproj */;
				},
				{
					ProductGroup = DE929E681C6D9560003B41E0 /* Products */;
					ProjectRef = DE929E671C6D9560003B41E0 /* RCTFBLogin.xcodeproj */;
				},
				{
					ProductGroup = 00C302B61ABCB90400DB3ED1 /* Products */;
					ProjectRef = 00C302B51ABCB90400DB3ED1 /* RCTGeolocation.xcodeproj */;
				},
				{
					ProductGroup = 00C302BC1ABCB91800DB3ED1 /* Products */;
					ProjectRef = 00C302BB1ABCB91800DB3ED1 /* RCTImage.xcodeproj */;
				},
				{
					ProductGroup = 78C398B11ACF4ADC00677621 /* Products */;
					ProjectRef = 78C398B01ACF4ADC00677621 /* RCTLinking.xcodeproj */;
				},
				{
					ProductGroup = 00C302D41ABCB9D200DB3ED1 /* Products */;
					ProjectRef = 00C302D31ABCB9D200DB3ED1 /* RCTNetwork.xcodeproj */;
				},
				{
					ProductGroup = 139105B71AF99BAD00B5F7CC /* Products */;
					ProjectRef = 139105B61AF99BAD00B5F7CC /* RCTSettings.xcodeproj */;
				},
				{
					ProductGroup = 832341B11AAA6A8300B99B32 /* Products */;
					ProjectRef = 832341B01AAA6A8300B99B32 /* RCTText.xcodeproj */;
				},
				{
					ProductGroup = 00C302E01ABCB9EE00DB3ED1 /* Products */;
					ProjectRef = 00C302DF1ABCB9EE00DB3ED1 /* RCTVibration.xcodeproj */;
				},
				{
					ProductGroup = 139FDEE71B06529A00C62182 /* Products */;
					ProjectRef = 139FDEE61B06529A00C62182 /* RCTWebSocket.xcodeproj */;
				},
				{
					ProductGroup = 146834001AC3E56700842450 /* Products */;
					ProjectRef = 146833FF1AC3E56700842450 /* React.xcodeproj */;
				},
				{
					ProductGroup = 59F3E7FD1D24AB3E000D82F7 /* Products */;
					ProjectRef = 59F3E7FC1D24AB3E000D82F7 /* RNKeyboardEvents.xcodeproj */;
				},
				{
					ProductGroup = DED8FA001C7802D400F84300 /* Products */;
					ProjectRef = DED8F9FF1C7802D400F84300 /* RNOverlay.xcodeproj */;
				},
				{
					ProductGroup = DED8FA111C7802F600F84300 /* Products */;
					ProjectRef = DED8FA101C7802F600F84300 /* RNSearchBar.xcodeproj */;
				},
				{
					ProductGroup = 59B907361C9A539000E7F5D9 /* Products */;
					ProjectRef = 59B907351C9A539000E7F5D9 /* RNVectorIcons.xcodeproj */;
				},
				{
					ProductGroup = DE81A3751DAE0310004BD65F /* Products */;
					ProjectRef = F7BE004D7BCB4A92AADDC909 /* SMXCrashlytics.xcodeproj */;
				},
			);
			projectRoot = "";
			targets = (
				13B07F861A680F5B00A75B9A /* dri */,
				00E356ED1AD99517003FC87E /* driTests */,
			);
		};
/* End PBXProject section */

/* Begin PBXReferenceProxy section */
		00C302AC1ABCB8CE00DB3ED1 /* libRCTActionSheet.a */ = {
			isa = PBXReferenceProxy;
			fileType = archive.ar;
			path = libRCTActionSheet.a;
			remoteRef = 00C302AB1ABCB8CE00DB3ED1 /* PBXContainerItemProxy */;
			sourceTree = BUILT_PRODUCTS_DIR;
		};
		00C302BA1ABCB90400DB3ED1 /* libRCTGeolocation.a */ = {
			isa = PBXReferenceProxy;
			fileType = archive.ar;
			path = libRCTGeolocation.a;
			remoteRef = 00C302B91ABCB90400DB3ED1 /* PBXContainerItemProxy */;
			sourceTree = BUILT_PRODUCTS_DIR;
		};
		00C302C01ABCB91800DB3ED1 /* libRCTImage.a */ = {
			isa = PBXReferenceProxy;
			fileType = archive.ar;
			path = libRCTImage.a;
			remoteRef = 00C302BF1ABCB91800DB3ED1 /* PBXContainerItemProxy */;
			sourceTree = BUILT_PRODUCTS_DIR;
		};
		00C302DC1ABCB9D200DB3ED1 /* libRCTNetwork.a */ = {
			isa = PBXReferenceProxy;
			fileType = archive.ar;
			path = libRCTNetwork.a;
			remoteRef = 00C302DB1ABCB9D200DB3ED1 /* PBXContainerItemProxy */;
			sourceTree = BUILT_PRODUCTS_DIR;
		};
		00C302E41ABCB9EE00DB3ED1 /* libRCTVibration.a */ = {
			isa = PBXReferenceProxy;
			fileType = archive.ar;
			path = libRCTVibration.a;
			remoteRef = 00C302E31ABCB9EE00DB3ED1 /* PBXContainerItemProxy */;
			sourceTree = BUILT_PRODUCTS_DIR;
		};
		139105C11AF99BAD00B5F7CC /* libRCTSettings.a */ = {
			isa = PBXReferenceProxy;
			fileType = archive.ar;
			path = libRCTSettings.a;
			remoteRef = 139105C01AF99BAD00B5F7CC /* PBXContainerItemProxy */;
			sourceTree = BUILT_PRODUCTS_DIR;
		};
		139FDEF41B06529B00C62182 /* libRCTWebSocket.a */ = {
			isa = PBXReferenceProxy;
			fileType = archive.ar;
			path = libRCTWebSocket.a;
			remoteRef = 139FDEF31B06529B00C62182 /* PBXContainerItemProxy */;
			sourceTree = BUILT_PRODUCTS_DIR;
		};
		146834041AC3E56700842450 /* libReact.a */ = {
			isa = PBXReferenceProxy;
			fileType = archive.ar;
			path = libReact.a;
			remoteRef = 146834031AC3E56700842450 /* PBXContainerItemProxy */;
			sourceTree = BUILT_PRODUCTS_DIR;
		};
		59B907481C9A539000E7F5D9 /* libRNVectorIcons.a */ = {
			isa = PBXReferenceProxy;
			fileType = archive.ar;
			path = libRNVectorIcons.a;
			remoteRef = 59B907471C9A539000E7F5D9 /* PBXContainerItemProxy */;
			sourceTree = BUILT_PRODUCTS_DIR;
		};
		59F3E8011D24AB3E000D82F7 /* libRNKeyboardEvents.a */ = {
			isa = PBXReferenceProxy;
			fileType = archive.ar;
			path = libRNKeyboardEvents.a;
			remoteRef = 59F3E8001D24AB3E000D82F7 /* PBXContainerItemProxy */;
			sourceTree = BUILT_PRODUCTS_DIR;
		};
		78C398B91ACF4ADC00677621 /* libRCTLinking.a */ = {
			isa = PBXReferenceProxy;
			fileType = archive.ar;
			path = libRCTLinking.a;
			remoteRef = 78C398B81ACF4ADC00677621 /* PBXContainerItemProxy */;
			sourceTree = BUILT_PRODUCTS_DIR;
		};
		832341B51AAA6A8300B99B32 /* libRCTText.a */ = {
			isa = PBXReferenceProxy;
			fileType = archive.ar;
			path = libRCTText.a;
			remoteRef = 832341B41AAA6A8300B99B32 /* PBXContainerItemProxy */;
			sourceTree = BUILT_PRODUCTS_DIR;
		};
		DA5FDCB71C87E43E00D6D894 /* libPPTMapView.a */ = {
			isa = PBXReferenceProxy;
			fileType = archive.ar;
			path = libPPTMapView.a;
			remoteRef = DA5FDCB61C87E43E00D6D894 /* PBXContainerItemProxy */;
			sourceTree = BUILT_PRODUCTS_DIR;
		};
		DE81A3891DAE0310004BD65F /* libSMXCrashlytics.a */ = {
			isa = PBXReferenceProxy;
			fileType = archive.ar;
			path = libSMXCrashlytics.a;
			remoteRef = DE81A3881DAE0310004BD65F /* PBXContainerItemProxy */;
			sourceTree = BUILT_PRODUCTS_DIR;
		};
		DE929E6D1C6D9561003B41E0 /* libRCTFBLogin.a */ = {
			isa = PBXReferenceProxy;
			fileType = archive.ar;
			path = libRCTFBLogin.a;
			remoteRef = DE929E6C1C6D9561003B41E0 /* PBXContainerItemProxy */;
			sourceTree = BUILT_PRODUCTS_DIR;
		};
		DED8FA0F1C7802D500F84300 /* libRNOverlay.a */ = {
			isa = PBXReferenceProxy;
			fileType = archive.ar;
			path = libRNOverlay.a;
			remoteRef = DED8FA0E1C7802D500F84300 /* PBXContainerItemProxy */;
			sourceTree = BUILT_PRODUCTS_DIR;
		};
		DED8FA151C7802F600F84300 /* libRNSearchBar.a */ = {
			isa = PBXReferenceProxy;
			fileType = archive.ar;
			path = libRNSearchBar.a;
			remoteRef = DED8FA141C7802F600F84300 /* PBXContainerItemProxy */;
			sourceTree = BUILT_PRODUCTS_DIR;
		};
/* End PBXReferenceProxy section */

/* Begin PBXResourcesBuildPhase section */
		00E356EC1AD99517003FC87E /* Resources */ = {
			isa = PBXResourcesBuildPhase;
			buildActionMask = 2147483647;
			files = (
			);
			runOnlyForDeploymentPostprocessing = 0;
		};
		13B07F8E1A680F5B00A75B9A /* Resources */ = {
			isa = PBXResourcesBuildPhase;
			buildActionMask = 2147483647;
			files = (
				DA5FDCB91C87E46D00D6D894 /* GoogleMapsApi.plist in Resources */,
				DED8FA261C78034600F84300 /* MaterialIcons.ttf in Resources */,
				DED8FA271C78034600F84300 /* Octicons.ttf in Resources */,
				DA5FDCCD1C87E4D600D6D894 /* GoogleMaps.bundle in Resources */,
				DED8FA281C78034600F84300 /* Zocial.ttf in Resources */,
				13B07FBF1A68108700A75B9A /* Images.xcassets in Resources */,
				DED8FA231C78034600F84300 /* FontAwesome.ttf in Resources */,
				DED8FA221C78034600F84300 /* EvilIcons.ttf in Resources */,
				DED8FA251C78034600F84300 /* Ionicons.ttf in Resources */,
				DED8FA241C78034600F84300 /* Foundation.ttf in Resources */,
				DED8FA211C78034600F84300 /* Entypo.ttf in Resources */,
				13B07FBD1A68108700A75B9A /* LaunchScreen.xib in Resources */,
			);
			runOnlyForDeploymentPostprocessing = 0;
		};
/* End PBXResourcesBuildPhase section */

/* Begin PBXShellScriptBuildPhase section */
		59C9DFEB1CB9F8F3001E2CB4 /* Bundle React Native code and image */ = {
			isa = PBXShellScriptBuildPhase;
			buildActionMask = 2147483647;
			files = (
			);
			inputPaths = (
			);
			name = "Bundle React Native code and image";
			outputPaths = (
			);
			runOnlyForDeploymentPostprocessing = 0;
			shellPath = /bin/sh;
			shellScript = "export NODE_BINARY=node\n../node_modules/react-native/packager/react-native-xcode.sh";
		};
		DE2FD5501C8E075C00EAD627 /* ShellScript */ = {
			isa = PBXShellScriptBuildPhase;
			buildActionMask = 2147483647;
			files = (
			);
			inputPaths = (
			);
			outputPaths = (
			);
			runOnlyForDeploymentPostprocessing = 0;
			shellPath = /bin/sh;
			shellScript = "INFOPLIST=\"${TARGET_BUILD_DIR}/${INFOPLIST_PATH}\"\necho \"writing to $INFOPLIST\"\nPLISTCMD=\"Add :SERVER_IP string $(ifconfig | grep inet\\ | tail -1 | cut -d \" \" -f 2)\"\necho -n \"$INFOPLIST\" | xargs -0 /usr/libexec/PlistBuddy -c \"$PLISTCMD\" || true\nPLISTCMD=\"Set :SERVER_IP $(ifconfig | grep inet\\ | tail -1 | cut -d \" \" -f 2)\"\necho -n \"$INFOPLIST\" | xargs -0 /usr/libexec/PlistBuddy -c \"$PLISTCMD\" || true\n./Fabric.framework/run 6bc90653386b2cd69af7fd03e14952968efabf35 2b770a09e59934a2d548572e8c61be85cfee129815763f15f1bee569c0521ad8";
		};
/* End PBXShellScriptBuildPhase section */

/* Begin PBXSourcesBuildPhase section */
		00E356EA1AD99517003FC87E /* Sources */ = {
			isa = PBXSourcesBuildPhase;
			buildActionMask = 2147483647;
			files = (
				00E356F31AD99517003FC87E /* driTests.m in Sources */,
			);
			runOnlyForDeploymentPostprocessing = 0;
		};
		13B07F871A680F5B00A75B9A /* Sources */ = {
			isa = PBXSourcesBuildPhase;
			buildActionMask = 2147483647;
			files = (
				13B07FBC1A68108700A75B9A /* AppDelegate.m in Sources */,
				13B07FC11A68108700A75B9A /* main.m in Sources */,
			);
			runOnlyForDeploymentPostprocessing = 0;
		};
/* End PBXSourcesBuildPhase section */

/* Begin PBXTargetDependency section */
		00E356F51AD99517003FC87E /* PBXTargetDependency */ = {
			isa = PBXTargetDependency;
			target = 13B07F861A680F5B00A75B9A /* dri */;
			targetProxy = 00E356F41AD99517003FC87E /* PBXContainerItemProxy */;
		};
/* End PBXTargetDependency section */

/* Begin PBXVariantGroup section */
		13B07FB11A68108700A75B9A /* LaunchScreen.xib */ = {
			isa = PBXVariantGroup;
			children = (
				13B07FB21A68108700A75B9A /* Base */,
			);
			name = LaunchScreen.xib;
			path = dri;
			sourceTree = "<group>";
		};
/* End PBXVariantGroup section */

/* Begin XCBuildConfiguration section */
		00E356F61AD99517003FC87E /* Debug */ = {
			isa = XCBuildConfiguration;
			buildSettings = {
				BUNDLE_LOADER = "$(TEST_HOST)";
				DEAD_CODE_STRIPPING = YES;
				FRAMEWORK_SEARCH_PATHS = (
					"$(SDKROOT)/Developer/Library/Frameworks",
					"$(inherited)",
				);
				GCC_PREPROCESSOR_DEFINITIONS = (
					"DEBUG=1",
					"$(inherited)",
				);
				INFOPLIST_FILE = driTests/Info.plist;
				IPHONEOS_DEPLOYMENT_TARGET = 8.2;
				LD_RUNPATH_SEARCH_PATHS = "$(inherited) @executable_path/Frameworks @loader_path/Frameworks";
				LIBRARY_SEARCH_PATHS = (
					"$(inherited)",
					"\"$(SRCROOT)/$(TARGET_NAME)\"",
				);
				PRODUCT_BUNDLE_IDENTIFIER = "org.reactjs.native.example.$(PRODUCT_NAME:rfc1034identifier)";
				PRODUCT_NAME = "$(TARGET_NAME)";
				TEST_HOST = "$(BUILT_PRODUCTS_DIR)/dri.app/dri";
			};
			name = Debug;
		};
		00E356F71AD99517003FC87E /* Release */ = {
			isa = XCBuildConfiguration;
			buildSettings = {
				BUNDLE_LOADER = "$(TEST_HOST)";
				COPY_PHASE_STRIP = NO;
				DEAD_CODE_STRIPPING = YES;
				FRAMEWORK_SEARCH_PATHS = (
					"$(SDKROOT)/Developer/Library/Frameworks",
					"$(inherited)",
				);
				INFOPLIST_FILE = driTests/Info.plist;
				IPHONEOS_DEPLOYMENT_TARGET = 8.2;
				LD_RUNPATH_SEARCH_PATHS = "$(inherited) @executable_path/Frameworks @loader_path/Frameworks";
				LIBRARY_SEARCH_PATHS = (
					"$(inherited)",
					"\"$(SRCROOT)/$(TARGET_NAME)\"",
				);
				PRODUCT_BUNDLE_IDENTIFIER = "org.reactjs.native.example.$(PRODUCT_NAME:rfc1034identifier)";
				PRODUCT_NAME = "$(TARGET_NAME)";
				TEST_HOST = "$(BUILT_PRODUCTS_DIR)/dri.app/dri";
			};
			name = Release;
		};
		13B07F941A680F5B00A75B9A /* Debug */ = {
			isa = XCBuildConfiguration;
			buildSettings = {
				ASSETCATALOG_COMPILER_APPICON_NAME = "AppIcon-1";
				ASSETCATALOG_COMPILER_LAUNCHIMAGE_NAME = "Brand Assets-2";
				CODE_SIGN_IDENTITY = "iPhone Developer";
				"CODE_SIGN_IDENTITY[sdk=iphoneos*]" = "iPhone Developer";
				DEAD_CODE_STRIPPING = NO;
				ENABLE_BITCODE = NO;
				FRAMEWORK_SEARCH_PATHS = (
					"$(inherited)",
					"$(PROJECT_DIR)",
					"$(SRCROOT)/**",
				);
				"FRAMEWORK_SEARCH_PATHS[arch=*]" = (
					"$(SRCROOT)/../node_modules/react-native-facebook-login/FacebookSDK",
					"$(PROJECT_DIR)/../node_modules/@pod-point/react-native-maps/ios_modules/GoogleMaps-1.10.4/Frameworks/**",
					"$(SRCROOT)/**",
				);
				HEADER_SEARCH_PATHS = (
					"$(inherited)",
					/Applications/Xcode.app/Contents/Developer/Toolchains/XcodeDefault.xctoolchain/usr/include,
					"$(SRCROOT)/../node_modules/react-native/React/**",
					"$(SRCROOT)/../node_modules/@pod-point/react-native-maps/**",
					"$(SRCROOT)/../node_modules/react-native-fabric/ios/SMXCrashlytics",
				);
				INFOPLIST_FILE = dri/Info.plist;
				LD_RUNPATH_SEARCH_PATHS = "$(inherited) @executable_path/Frameworks";
				OTHER_LDFLAGS = "-ObjC";
				PRODUCT_BUNDLE_IDENTIFIER = org.reactjs.native.example.pitstoppal;
				PRODUCT_NAME = dri;
				PROVISIONING_PROFILE = "";
			};
			name = Debug;
		};
		13B07F951A680F5B00A75B9A /* Release */ = {
			isa = XCBuildConfiguration;
			buildSettings = {
				ASSETCATALOG_COMPILER_APPICON_NAME = "AppIcon-1";
				ASSETCATALOG_COMPILER_LAUNCHIMAGE_NAME = "Brand Assets-2";
				CODE_SIGN_IDENTITY = "iPhone Developer";
				"CODE_SIGN_IDENTITY[sdk=iphoneos*]" = "iPhone Developer";
				ENABLE_BITCODE = NO;
				FRAMEWORK_SEARCH_PATHS = (
					"$(inherited)",
					"$(PROJECT_DIR)",
					"$(SRCROOT)/**",
				);
				"FRAMEWORK_SEARCH_PATHS[arch=*]" = (
					"$(SRCROOT)/../node_modules/react-native-facebook-login/FacebookSDK",
					"$(PROJECT_DIR)/../node_modules/@pod-point/react-native-maps/ios_modules/GoogleMaps-1.10.4/Frameworks/**",
					"$(SRCROOT)/**",
				);
				HEADER_SEARCH_PATHS = (
					"$(inherited)",
					/Applications/Xcode.app/Contents/Developer/Toolchains/XcodeDefault.xctoolchain/usr/include,
					"$(SRCROOT)/../node_modules/react-native/React/**",
					"$(SRCROOT)/../node_modules/@pod-point/react-native-maps/**",
					"$(SRCROOT)/../node_modules/react-native-fabric/ios/SMXCrashlytics",
				);
				INFOPLIST_FILE = dri/Info.plist;
				LD_RUNPATH_SEARCH_PATHS = "$(inherited) @executable_path/Frameworks";
				OTHER_LDFLAGS = "-ObjC";
				PRODUCT_BUNDLE_IDENTIFIER = org.reactjs.native.example.pitstoppal;
				PRODUCT_NAME = dri;
				PROVISIONING_PROFILE = "";
			};
			name = Release;
		};
		83CBBA201A601CBA00E9B192 /* Debug */ = {
			isa = XCBuildConfiguration;
			buildSettings = {
				ALWAYS_SEARCH_USER_PATHS = NO;
				CLANG_CXX_LANGUAGE_STANDARD = "gnu++0x";
				CLANG_CXX_LIBRARY = "libc++";
				CLANG_ENABLE_MODULES = YES;
				CLANG_ENABLE_OBJC_ARC = YES;
				CLANG_WARN_BOOL_CONVERSION = YES;
				CLANG_WARN_CONSTANT_CONVERSION = YES;
				CLANG_WARN_DIRECT_OBJC_ISA_USAGE = YES_ERROR;
				CLANG_WARN_EMPTY_BODY = YES;
				CLANG_WARN_ENUM_CONVERSION = YES;
				CLANG_WARN_INT_CONVERSION = YES;
				CLANG_WARN_OBJC_ROOT_CLASS = YES_ERROR;
				CLANG_WARN_UNREACHABLE_CODE = YES;
				CLANG_WARN__DUPLICATE_METHOD_MATCH = YES;
				"CODE_SIGN_IDENTITY[sdk=iphoneos*]" = "iPhone Developer";
				COPY_PHASE_STRIP = NO;
				ENABLE_STRICT_OBJC_MSGSEND = YES;
				ENABLE_TESTABILITY = YES;
				GCC_C_LANGUAGE_STANDARD = gnu99;
				GCC_DYNAMIC_NO_PIC = NO;
				GCC_OPTIMIZATION_LEVEL = 0;
				GCC_PREPROCESSOR_DEFINITIONS = (
					"DEBUG=1",
					"$(inherited)",
				);
				GCC_SYMBOLS_PRIVATE_EXTERN = NO;
				GCC_WARN_64_TO_32_BIT_CONVERSION = YES;
				GCC_WARN_ABOUT_RETURN_TYPE = YES_ERROR;
				GCC_WARN_UNDECLARED_SELECTOR = YES;
				GCC_WARN_UNINITIALIZED_AUTOS = YES_AGGRESSIVE;
				GCC_WARN_UNUSED_FUNCTION = YES;
				GCC_WARN_UNUSED_VARIABLE = YES;
				HEADER_SEARCH_PATHS = (
					"$(inherited)",
					/Applications/Xcode.app/Contents/Developer/Toolchains/XcodeDefault.xctoolchain/usr/include,
					"$(SRCROOT)/../node_modules/react-native/React/**",
					"$(SRCROOT)/../node_modules/react-native-fabric/ios/SMXCrashlytics",
				);
				IPHONEOS_DEPLOYMENT_TARGET = 7.0;
				MTL_ENABLE_DEBUG_INFO = YES;
				ONLY_ACTIVE_ARCH = YES;
				SDKROOT = iphoneos;
			};
			name = Debug;
		};
		83CBBA211A601CBA00E9B192 /* Release */ = {
			isa = XCBuildConfiguration;
			buildSettings = {
				ALWAYS_SEARCH_USER_PATHS = NO;
				CLANG_CXX_LANGUAGE_STANDARD = "gnu++0x";
				CLANG_CXX_LIBRARY = "libc++";
				CLANG_ENABLE_MODULES = YES;
				CLANG_ENABLE_OBJC_ARC = YES;
				CLANG_WARN_BOOL_CONVERSION = YES;
				CLANG_WARN_CONSTANT_CONVERSION = YES;
				CLANG_WARN_DIRECT_OBJC_ISA_USAGE = YES_ERROR;
				CLANG_WARN_EMPTY_BODY = YES;
				CLANG_WARN_ENUM_CONVERSION = YES;
				CLANG_WARN_INT_CONVERSION = YES;
				CLANG_WARN_OBJC_ROOT_CLASS = YES_ERROR;
				CLANG_WARN_UNREACHABLE_CODE = YES;
				CLANG_WARN__DUPLICATE_METHOD_MATCH = YES;
				"CODE_SIGN_IDENTITY[sdk=iphoneos*]" = "iPhone Developer";
				COPY_PHASE_STRIP = YES;
				ENABLE_NS_ASSERTIONS = NO;
				ENABLE_STRICT_OBJC_MSGSEND = YES;
				GCC_C_LANGUAGE_STANDARD = gnu99;
				GCC_WARN_64_TO_32_BIT_CONVERSION = YES;
				GCC_WARN_ABOUT_RETURN_TYPE = YES_ERROR;
				GCC_WARN_UNDECLARED_SELECTOR = YES;
				GCC_WARN_UNINITIALIZED_AUTOS = YES_AGGRESSIVE;
				GCC_WARN_UNUSED_FUNCTION = YES;
				GCC_WARN_UNUSED_VARIABLE = YES;
				HEADER_SEARCH_PATHS = (
					"$(inherited)",
					/Applications/Xcode.app/Contents/Developer/Toolchains/XcodeDefault.xctoolchain/usr/include,
					"$(SRCROOT)/../node_modules/react-native/React/**",
					"$(SRCROOT)/../node_modules/react-native-fabric/ios/SMXCrashlytics",
				);
				IPHONEOS_DEPLOYMENT_TARGET = 7.0;
				MTL_ENABLE_DEBUG_INFO = NO;
				SDKROOT = iphoneos;
				VALIDATE_PRODUCT = YES;
			};
			name = Release;
		};
/* End XCBuildConfiguration section */

/* Begin XCConfigurationList section */
		00E357021AD99517003FC87E /* Build configuration list for PBXNativeTarget "driTests" */ = {
			isa = XCConfigurationList;
			buildConfigurations = (
				00E356F61AD99517003FC87E /* Debug */,
				00E356F71AD99517003FC87E /* Release */,
			);
			defaultConfigurationIsVisible = 0;
			defaultConfigurationName = Release;
		};
		13B07F931A680F5B00A75B9A /* Build configuration list for PBXNativeTarget "dri" */ = {
			isa = XCConfigurationList;
			buildConfigurations = (
				13B07F941A680F5B00A75B9A /* Debug */,
				13B07F951A680F5B00A75B9A /* Release */,
			);
			defaultConfigurationIsVisible = 0;
			defaultConfigurationName = Release;
		};
		83CBB9FA1A601CBA00E9B192 /* Build configuration list for PBXProject "dri" */ = {
			isa = XCConfigurationList;
			buildConfigurations = (
				83CBBA201A601CBA00E9B192 /* Debug */,
				83CBBA211A601CBA00E9B192 /* Release */,
			);
			defaultConfigurationIsVisible = 0;
			defaultConfigurationName = Release;
		};
/* End XCConfigurationList section */
	};
	rootObject = 83CBB9F71A601CBA00E9B192 /* Project object */;
}
